
Microsoft Visual Studio Solution File, Format Version 12.00
# Visual Studio Version 17
VisualStudioVersion = 17.14.36705.20 d17.14
MinimumVisualStudioVersion = 10.0.40219.1
Project("{FAE04EC0-301F-11D3-BF4B-00C04F79EFBC}") = "PractTest.API", "PractTest.API\PractTest.API.csproj", "{3D570E81-DA8E-4479-AF90-170D519F2C85}"
EndProject
Project("{FAE04EC0-301F-11D3-BF4B-00C04F79EFBC}") = "PractTest.Domain", "PractTest.Domain\PractTest.Domain.csproj", "{5837D69D-BD04-425B-A4AD-E017205DDAFE}"
EndProject
Project("{FAE04EC0-301F-11D3-BF4B-00C04F79EFBC}") = "PractTest.Infrastructure", "PractTest.Infrastructure\PractTest.Infrastructure.csproj", "{D8EFBC25-9B2B-4902-98E8-3EFCC802FE4B}"
EndProject
Project("{FAE04EC0-301F-11D3-BF4B-00C04F79EFBC}") = "PractTest.Application", "PractTest.Application\PractTest.Application.csproj", "{0A4E6E75-3215-46A3-89B8-ADD21980BD50}"
EndProject
Global
	GlobalSection(SolutionConfigurationPlatforms) = preSolution
		Debug|Any CPU = Debug|Any CPU
		Release|Any CPU = Release|Any CPU
	EndGlobalSection
	GlobalSection(ProjectConfigurationPlatforms) = postSolution
		{3D570E81-DA8E-4479-AF90-170D519F2C85}.Debug|Any CPU.ActiveCfg = Debug|Any CPU
		{3D570E81-DA8E-4479-AF90-170D519F2C85}.Debug|Any CPU.Build.0 = Debug|Any CPU
		{3D570E81-DA8E-4479-AF90-170D519F2C85}.Release|Any CPU.ActiveCfg = Release|Any CPU
		{3D570E81-DA8E-4479-AF90-170D519F2C85}.Release|Any CPU.Build.0 = Release|Any CPU
		{5837D69D-BD04-425B-A4AD-E017205DDAFE}.Debug|Any CPU.ActiveCfg = Debug|Any CPU
		{5837D69D-BD04-425B-A4AD-E017205DDAFE}.Debug|Any CPU.Build.0 = Debug|Any CPU
		{5837D69D-BD04-425B-A4AD-E017205DDAFE}.Release|Any CPU.ActiveCfg = Release|Any CPU
		{5837D69D-BD04-425B-A4AD-E017205DDAFE}.Release|Any CPU.Build.0 = Release|Any CPU
		{D8EFBC25-9B2B-4902-98E8-3EFCC802FE4B}.Debug|Any CPU.ActiveCfg = Debug|Any CPU
		{D8EFBC25-9B2B-4902-98E8-3EFCC802FE4B}.Debug|Any CPU.Build.0 = Debug|Any CPU
		{D8EFBC25-9B2B-4902-98E8-3EFCC802FE4B}.Release|Any CPU.ActiveCfg = Release|Any CPU
		{D8EFBC25-9B2B-4902-98E8-3EFCC802FE4B}.Release|Any CPU.Build.0 = Release|Any CPU
		{0A4E6E75-3215-46A3-89B8-ADD21980BD50}.Debug|Any CPU.ActiveCfg = Debug|Any CPU
		{0A4E6E75-3215-46A3-89B8-ADD21980BD50}.Debug|Any CPU.Build.0 = Debug|Any CPU
		{0A4E6E75-3215-46A3-89B8-ADD21980BD50}.Release|Any CPU.ActiveCfg = Release|Any CPU
		{0A4E6E75-3215-46A3-89B8-ADD21980BD50}.Release|Any CPU.Build.0 = Release|Any CPU
	EndGlobalSection
	GlobalSection(SolutionProperties) = preSolution
		HideSolutionNode = FALSE
	EndGlobalSection
	GlobalSection(ExtensibilityGlobals) = postSolution
		SolutionGuid = {9400F00A-3DD0-4ED9-ABF4-D71D6AE732B1}
	EndGlobalSection
EndGlobal
